{
  "object": {
    "pins": [
      {
        "package": "PNetwork",
        "repositoryURL": "https://github.com/renatocardial/poc-pnetwork.git",
        "state": {
          "branch": "master",
          "revision": "72b8c4e0cc6765aa4e01cf76904dfc2d12d0f02b",
          "version": null
        }
      }
    ]
  },
  "version": 1
}
